
Microsoft Visual Studio Solution File, Format Version 12.00
# Visual Studio Version 17
VisualStudioVersion = 17.9.34701.34
MinimumVisualStudioVersion = 10.0.40219.1
Project("{9A19103F-16F7-4668-BE54-9A1E7A4F7556}") = "ProyectFinal", "ProyectFinal\ProyectFinal.csproj", "{0A1632FB-1E4E-4FE4-AF0D-2953D6BBFA25}"
EndProject
Project("{9A19103F-16F7-4668-BE54-9A1E7A4F7556}") = "ProyectFinal.Client", "ProyectFinal.Client\ProyectFinal.Client.csproj", "{137504BA-E9C2-4B40-B5DE-52817D27E087}"
EndProject
Project("{9A19103F-16F7-4668-BE54-9A1E7A4F7556}") = "Share", "Shared\Share.csproj", "{084F343B-FE3D-4410-9579-CE892D2DADDC}"
EndProject
Project("{FAE04EC0-301F-11D3-BF4B-00C04F79EFBC}") = "TestSistemaTribunal", "TestSistemaTribunal\TestSistemaTribunal.csproj", "{0466E8BB-27C4-4A6E-AB7B-F3A3EC1FA9DA}"
EndProject
Global
	GlobalSection(SolutionConfigurationPlatforms) = preSolution
		Debug|Any CPU = Debug|Any CPU
		Release|Any CPU = Release|Any CPU
	EndGlobalSection
	GlobalSection(ProjectConfigurationPlatforms) = postSolution
		{0A1632FB-1E4E-4FE4-AF0D-2953D6BBFA25}.Debug|Any CPU.ActiveCfg = Debug|Any CPU
		{0A1632FB-1E4E-4FE4-AF0D-2953D6BBFA25}.Debug|Any CPU.Build.0 = Debug|Any CPU
		{0A1632FB-1E4E-4FE4-AF0D-2953D6BBFA25}.Release|Any CPU.ActiveCfg = Release|Any CPU
		{0A1632FB-1E4E-4FE4-AF0D-2953D6BBFA25}.Release|Any CPU.Build.0 = Release|Any CPU
		{137504BA-E9C2-4B40-B5DE-52817D27E087}.Debug|Any CPU.ActiveCfg = Debug|Any CPU
		{137504BA-E9C2-4B40-B5DE-52817D27E087}.Debug|Any CPU.Build.0 = Debug|Any CPU
		{137504BA-E9C2-4B40-B5DE-52817D27E087}.Release|Any CPU.ActiveCfg = Release|Any CPU
		{137504BA-E9C2-4B40-B5DE-52817D27E087}.Release|Any CPU.Build.0 = Release|Any CPU
		{084F343B-FE3D-4410-9579-CE892D2DADDC}.Debug|Any CPU.ActiveCfg = Debug|Any CPU
		{084F343B-FE3D-4410-9579-CE892D2DADDC}.Debug|Any CPU.Build.0 = Debug|Any CPU
		{084F343B-FE3D-4410-9579-CE892D2DADDC}.Release|Any CPU.ActiveCfg = Release|Any CPU
		{084F343B-FE3D-4410-9579-CE892D2DADDC}.Release|Any CPU.Build.0 = Release|Any CPU
		{0466E8BB-27C4-4A6E-AB7B-F3A3EC1FA9DA}.Debug|Any CPU.ActiveCfg = Debug|Any CPU
		{0466E8BB-27C4-4A6E-AB7B-F3A3EC1FA9DA}.Debug|Any CPU.Build.0 = Debug|Any CPU
		{0466E8BB-27C4-4A6E-AB7B-F3A3EC1FA9DA}.Release|Any CPU.ActiveCfg = Release|Any CPU
		{0466E8BB-27C4-4A6E-AB7B-F3A3EC1FA9DA}.Release|Any CPU.Build.0 = Release|Any CPU
	EndGlobalSection
	GlobalSection(SolutionProperties) = preSolution
		HideSolutionNode = FALSE
	EndGlobalSection
	GlobalSection(ExtensibilityGlobals) = postSolution
		SolutionGuid = {B82AE674-A729-4AE9-A964-F36DE10B8BF7}
	EndGlobalSection
EndGlobal
